
Microsoft Visual Studio Solution File, Format Version 12.00
# Visual Studio 15
VisualStudioVersion = 15.0.27130.2036
MinimumVisualStudioVersion = 10.0.40219.1
Project("{8BC9CEB8-8B4A-11D0-8D11-00A0C91BC942}") = "MonteCarloPi", "MonteCarloPi\MonteCarloPi.vcxproj", "{9F153D89-79F4-44D2-B1CF-9BA96BFC1909}"
EndProject
Global
	GlobalSection(SolutionConfigurationPlatforms) = preSolution
		Debug|x64 = Debug|x64
		Debug|x86 = Debug|x86
		Release|x64 = Release|x64
		Release|x86 = Release|x86
	EndGlobalSection
	GlobalSection(ProjectConfigurationPlatforms) = postSolution
		{9F153D89-79F4-44D2-B1CF-9BA96BFC1909}.Debug|x64.ActiveCfg = Debug|x64
		{9F153D89-79F4-44D2-B1CF-9BA96BFC1909}.Debug|x64.Build.0 = Debug|x64
		{9F153D89-79F4-44D2-B1CF-9BA96BFC1909}.Debug|x86.ActiveCfg = Debug|Win32
		{9F153D89-79F4-44D2-B1CF-9BA96BFC1909}.Debug|x86.Build.0 = Debug|Win32
		{9F153D89-79F4-44D2-B1CF-9BA96BFC1909}.Release|x64.ActiveCfg = Release|x64
		{9F153D89-79F4-44D2-B1CF-9BA96BFC1909}.Release|x64.Build.0 = Release|x64
		{9F153D89-79F4-44D2-B1CF-9BA96BFC1909}.Release|x86.ActiveCfg = Release|Win32
		{9F153D89-79F4-44D2-B1CF-9BA96BFC1909}.Release|x86.Build.0 = Release|Win32
	EndGlobalSection
	GlobalSection(SolutionProperties) = preSolution
		HideSolutionNode = FALSE
	EndGlobalSection
	GlobalSection(ExtensibilityGlobals) = postSolution
		SolutionGuid = {83F696B8-67FD-45BE-A705-258F93C05210}
	EndGlobalSection
EndGlobal
